
Microsoft Visual Studio Solution File, Format Version 12.00
# Visual Studio Version 16
VisualStudioVersion = 16.0.30309.148
MinimumVisualStudioVersion = 10.0.40219.1
Project("{9A19103F-16F7-4668-BE54-9A1E7A4F7556}") = "ForLab.API", "ForLab\ForLab.API.csproj", "{FB44A434-7FFF-4497-B921-EB5225B0BB4F}"
EndProject
Project("{9A19103F-16F7-4668-BE54-9A1E7A4F7556}") = "ForLab.Core", "ForLab.Core\ForLab.Core.csproj", "{D092069C-F30D-4F67-939D-5D394E0AC51F}"
EndProject
Project("{9A19103F-16F7-4668-BE54-9A1E7A4F7556}") = "ForLab.Data", "ForLab.Data\ForLab.Data.csproj", "{7D248D9C-A2CA-4D2D-B1B4-720741200408}"
EndProject
Project("{9A19103F-16F7-4668-BE54-9A1E7A4F7556}") = "ForLab.Repositories", "ForLab.Repositories\ForLab.Repositories.csproj", "{BEF7CF47-62B1-4008-ADBE-32F7894B9D44}"
EndProject
Project("{9A19103F-16F7-4668-BE54-9A1E7A4F7556}") = "ForLab.Services", "ForLab.Services\ForLab.Services.csproj", "{69BA5C17-ABC8-40F7-8C53-F3DBD4C7FF1C}"
EndProject
Project("{9A19103F-16F7-4668-BE54-9A1E7A4F7556}") = "ForLab.DTO", "ForLab.DTO\ForLab.DTO.csproj", "{EE9DFD4B-9976-4126-BAE6-D21011342288}"
EndProject
Project("{9A19103F-16F7-4668-BE54-9A1E7A4F7556}") = "ForLab.Validators", "ForLab.Validators\ForLab.Validators.csproj", "{14BA0C17-C405-4A3F-8F1F-259905E84B1E}"
EndProject
Project("{9A19103F-16F7-4668-BE54-9A1E7A4F7556}") = "ForLab.Web", "ForLab.Web\ForLab.Web.csproj", "{0DA8FD43-A491-4EC1-A7CF-40DF212133F9}"
EndProject
Project("{FAE04EC0-301F-11D3-BF4B-00C04F79EFBC}") = "ForLab.Website", "ForLab.Website\ForLab.Website.csproj", "{FDE6AD40-90CF-40FC-942D-49E920ED3D41}"
EndProject
Global
	GlobalSection(SolutionConfigurationPlatforms) = preSolution
		Debug|Any CPU = Debug|Any CPU
		Release|Any CPU = Release|Any CPU
	EndGlobalSection
	GlobalSection(ProjectConfigurationPlatforms) = postSolution
		{FB44A434-7FFF-4497-B921-EB5225B0BB4F}.Debug|Any CPU.ActiveCfg = Debug|Any CPU
		{FB44A434-7FFF-4497-B921-EB5225B0BB4F}.Debug|Any CPU.Build.0 = Debug|Any CPU
		{FB44A434-7FFF-4497-B921-EB5225B0BB4F}.Release|Any CPU.ActiveCfg = Release|Any CPU
		{FB44A434-7FFF-4497-B921-EB5225B0BB4F}.Release|Any CPU.Build.0 = Release|Any CPU
		{D092069C-F30D-4F67-939D-5D394E0AC51F}.Debug|Any CPU.ActiveCfg = Debug|Any CPU
		{D092069C-F30D-4F67-939D-5D394E0AC51F}.Debug|Any CPU.Build.0 = Debug|Any CPU
		{D092069C-F30D-4F67-939D-5D394E0AC51F}.Release|Any CPU.ActiveCfg = Release|Any CPU
		{D092069C-F30D-4F67-939D-5D394E0AC51F}.Release|Any CPU.Build.0 = Release|Any CPU
		{7D248D9C-A2CA-4D2D-B1B4-720741200408}.Debug|Any CPU.ActiveCfg = Debug|Any CPU
		{7D248D9C-A2CA-4D2D-B1B4-720741200408}.Debug|Any CPU.Build.0 = Debug|Any CPU
		{7D248D9C-A2CA-4D2D-B1B4-720741200408}.Release|Any CPU.ActiveCfg = Release|Any CPU
		{7D248D9C-A2CA-4D2D-B1B4-720741200408}.Release|Any CPU.Build.0 = Release|Any CPU
		{BEF7CF47-62B1-4008-ADBE-32F7894B9D44}.Debug|Any CPU.ActiveCfg = Debug|Any CPU
		{BEF7CF47-62B1-4008-ADBE-32F7894B9D44}.Debug|Any CPU.Build.0 = Debug|Any CPU
		{BEF7CF47-62B1-4008-ADBE-32F7894B9D44}.Release|Any CPU.ActiveCfg = Release|Any CPU
		{BEF7CF47-62B1-4008-ADBE-32F7894B9D44}.Release|Any CPU.Build.0 = Release|Any CPU
		{69BA5C17-ABC8-40F7-8C53-F3DBD4C7FF1C}.Debug|Any CPU.ActiveCfg = Debug|Any CPU
		{69BA5C17-ABC8-40F7-8C53-F3DBD4C7FF1C}.Debug|Any CPU.Build.0 = Debug|Any CPU
		{69BA5C17-ABC8-40F7-8C53-F3DBD4C7FF1C}.Release|Any CPU.ActiveCfg = Release|Any CPU
		{69BA5C17-ABC8-40F7-8C53-F3DBD4C7FF1C}.Release|Any CPU.Build.0 = Release|Any CPU
		{EE9DFD4B-9976-4126-BAE6-D21011342288}.Debug|Any CPU.ActiveCfg = Debug|Any CPU
		{EE9DFD4B-9976-4126-BAE6-D21011342288}.Debug|Any CPU.Build.0 = Debug|Any CPU
		{EE9DFD4B-9976-4126-BAE6-D21011342288}.Release|Any CPU.ActiveCfg = Release|Any CPU
		{EE9DFD4B-9976-4126-BAE6-D21011342288}.Release|Any CPU.Build.0 = Release|Any CPU
		{14BA0C17-C405-4A3F-8F1F-259905E84B1E}.Debug|Any CPU.ActiveCfg = Debug|Any CPU
		{14BA0C17-C405-4A3F-8F1F-259905E84B1E}.Debug|Any CPU.Build.0 = Debug|Any CPU
		{14BA0C17-C405-4A3F-8F1F-259905E84B1E}.Release|Any CPU.ActiveCfg = Release|Any CPU
		{14BA0C17-C405-4A3F-8F1F-259905E84B1E}.Release|Any CPU.Build.0 = Release|Any CPU
		{0DA8FD43-A491-4EC1-A7CF-40DF212133F9}.Debug|Any CPU.ActiveCfg = Debug|Any CPU
		{0DA8FD43-A491-4EC1-A7CF-40DF212133F9}.Debug|Any CPU.Build.0 = Debug|Any CPU
		{0DA8FD43-A491-4EC1-A7CF-40DF212133F9}.Release|Any CPU.ActiveCfg = Release|Any CPU
		{0DA8FD43-A491-4EC1-A7CF-40DF212133F9}.Release|Any CPU.Build.0 = Release|Any CPU
		{FDE6AD40-90CF-40FC-942D-49E920ED3D41}.Debug|Any CPU.ActiveCfg = Debug|Any CPU
		{FDE6AD40-90CF-40FC-942D-49E920ED3D41}.Debug|Any CPU.Build.0 = Debug|Any CPU
		{FDE6AD40-90CF-40FC-942D-49E920ED3D41}.Release|Any CPU.ActiveCfg = Release|Any CPU
		{FDE6AD40-90CF-40FC-942D-49E920ED3D41}.Release|Any CPU.Build.0 = Release|Any CPU
	EndGlobalSection
	GlobalSection(SolutionProperties) = preSolution
		HideSolutionNode = FALSE
	EndGlobalSection
	GlobalSection(ExtensibilityGlobals) = postSolution
		SolutionGuid = {293B9C94-0180-4B5F-90A3-EF72D5919EF3}
	EndGlobalSection
EndGlobal
